
Microsoft Visual Studio Solution File, Format Version 12.00
# Visual Studio 15
VisualStudioVersion = 15.0.27004.2009
MinimumVisualStudioVersion = 10.0.40219.1
Project("{FAE04EC0-301F-11D3-BF4B-00C04F79EFBC}") = "DataBaseBackup", "DataBaseBackup\DataBaseBackup.csproj", "{16811272-09DF-45DC-9B18-4365CA6F3E89}"
EndProject
Global
	GlobalSection(SolutionConfigurationPlatforms) = preSolution
		Debug|Any CPU = Debug|Any CPU
		Release|Any CPU = Release|Any CPU
	EndGlobalSection
	GlobalSection(ProjectConfigurationPlatforms) = postSolution
		{16811272-09DF-45DC-9B18-4365CA6F3E89}.Debug|Any CPU.ActiveCfg = Debug|Any CPU
		{16811272-09DF-45DC-9B18-4365CA6F3E89}.Debug|Any CPU.Build.0 = Debug|Any CPU
		{16811272-09DF-45DC-9B18-4365CA6F3E89}.Release|Any CPU.ActiveCfg = Release|Any CPU
		{16811272-09DF-45DC-9B18-4365CA6F3E89}.Release|Any CPU.Build.0 = Release|Any CPU
	EndGlobalSection
	GlobalSection(SolutionProperties) = preSolution
		HideSolutionNode = FALSE
	EndGlobalSection
	GlobalSection(ExtensibilityGlobals) = postSolution
		SolutionGuid = {E0374E8A-247E-4ABB-BB55-09B395663B9A}
	EndGlobalSection
EndGlobal
